
Microsoft Visual Studio Solution File, Format Version 12.00
# Visual Studio 15
VisualStudioVersion = 15.0.28010.0
MinimumVisualStudioVersion = 10.0.40219.1
Project("{9A19103F-16F7-4668-BE54-9A1E7A4F7556}") = "Web.Api", "Web.Api\Web.Api.csproj", "{CFBE006E-1D81-4B37-923A-DF142CD85BB1}"
EndProject
Project("{FAE04EC0-301F-11D3-BF4B-00C04F79EFBC}") = "TLE.Entities", "Entities\TLE.Entities.csproj", "{87F81812-2160-48CD-BD1D-80483431A5D9}"
EndProject
Project("{FAE04EC0-301F-11D3-BF4B-00C04F79EFBC}") = "TLE.Services", "Service\TLE.Services.csproj", "{139CC8FE-4C1F-4FED-9CF0-33C3CF9169F4}"
EndProject
Project("{FAE04EC0-301F-11D3-BF4B-00C04F79EFBC}") = "TLE.Repositories", "Repositories\TLE.Repositories.csproj", "{D37E1CB1-40FE-4F96-B8F6-A085AD9F043C}"
EndProject
Global
	GlobalSection(SolutionConfigurationPlatforms) = preSolution
		Debug|Any CPU = Debug|Any CPU
		Release|Any CPU = Release|Any CPU
	EndGlobalSection
	GlobalSection(ProjectConfigurationPlatforms) = postSolution
		{CFBE006E-1D81-4B37-923A-DF142CD85BB1}.Debug|Any CPU.ActiveCfg = Debug|Any CPU
		{CFBE006E-1D81-4B37-923A-DF142CD85BB1}.Debug|Any CPU.Build.0 = Debug|Any CPU
		{CFBE006E-1D81-4B37-923A-DF142CD85BB1}.Release|Any CPU.ActiveCfg = Release|Any CPU
		{CFBE006E-1D81-4B37-923A-DF142CD85BB1}.Release|Any CPU.Build.0 = Release|Any CPU
		{87F81812-2160-48CD-BD1D-80483431A5D9}.Debug|Any CPU.ActiveCfg = Debug|Any CPU
		{87F81812-2160-48CD-BD1D-80483431A5D9}.Debug|Any CPU.Build.0 = Debug|Any CPU
		{87F81812-2160-48CD-BD1D-80483431A5D9}.Release|Any CPU.ActiveCfg = Release|Any CPU
		{87F81812-2160-48CD-BD1D-80483431A5D9}.Release|Any CPU.Build.0 = Release|Any CPU
		{139CC8FE-4C1F-4FED-9CF0-33C3CF9169F4}.Debug|Any CPU.ActiveCfg = Debug|Any CPU
		{139CC8FE-4C1F-4FED-9CF0-33C3CF9169F4}.Debug|Any CPU.Build.0 = Debug|Any CPU
		{139CC8FE-4C1F-4FED-9CF0-33C3CF9169F4}.Release|Any CPU.ActiveCfg = Release|Any CPU
		{139CC8FE-4C1F-4FED-9CF0-33C3CF9169F4}.Release|Any CPU.Build.0 = Release|Any CPU
		{D37E1CB1-40FE-4F96-B8F6-A085AD9F043C}.Debug|Any CPU.ActiveCfg = Debug|Any CPU
		{D37E1CB1-40FE-4F96-B8F6-A085AD9F043C}.Debug|Any CPU.Build.0 = Debug|Any CPU
		{D37E1CB1-40FE-4F96-B8F6-A085AD9F043C}.Release|Any CPU.ActiveCfg = Release|Any CPU
		{D37E1CB1-40FE-4F96-B8F6-A085AD9F043C}.Release|Any CPU.Build.0 = Release|Any CPU
	EndGlobalSection
	GlobalSection(SolutionProperties) = preSolution
		HideSolutionNode = FALSE
	EndGlobalSection
	GlobalSection(ExtensibilityGlobals) = postSolution
		SolutionGuid = {A9AC4485-A373-464C-89D6-F43ABA89DD50}
	EndGlobalSection
EndGlobal
